// !$*UTF8*$!
{
	archiveVersion = 1;
	classes = {
	};
	objectVersion = 56;
	objects = {

/* Begin PBXBuildFile section */
		A22145AD2996BF0E0049B1E7 /* PopularDestinationsView.swift in Sources */ = {isa = PBXBuildFile; fileRef = A22145AC2996BF0E0049B1E7 /* PopularDestinationsView.swift */; };
		A22145AF2996C06B0049B1E7 /* PopularRestaurants.swift in Sources */ = {isa = PBXBuildFile; fileRef = A22145AE2996C06B0049B1E7 /* PopularRestaurants.swift */; };
		A22145B12996C0FC0049B1E7 /* TrendingCreatorsView.swift in Sources */ = {isa = PBXBuildFile; fileRef = A22145B02996C0FC0049B1E7 /* TrendingCreatorsView.swift */; };
		A22145B32996C1550049B1E7 /* DiscoveryCategoriesView.swift in Sources */ = {isa = PBXBuildFile; fileRef = A22145B22996C1550049B1E7 /* DiscoveryCategoriesView.swift */; };
		A22145B62996C2150049B1E7 /* Category.swift in Sources */ = {isa = PBXBuildFile; fileRef = A22145B52996C2150049B1E7 /* Category.swift */; };
		A22145B82996C2360049B1E7 /* Destination.swift in Sources */ = {isa = PBXBuildFile; fileRef = A22145B72996C2360049B1E7 /* Destination.swift */; };
		A22145BA2996C23C0049B1E7 /* Users.swift in Sources */ = {isa = PBXBuildFile; fileRef = A22145B92996C23C0049B1E7 /* Users.swift */; };
		A22145BC2996C2630049B1E7 /* Restaurant.swift in Sources */ = {isa = PBXBuildFile; fileRef = A22145BB2996C2630049B1E7 /* Restaurant.swift */; };
		A22145BF2996C4D60049B1E7 /* TileModifier.swift in Sources */ = {isa = PBXBuildFile; fileRef = A22145BE2996C4D60049B1E7 /* TileModifier.swift */; };
		A22145C22996D7C80049B1E7 /* Kingfisher in Frameworks */ = {isa = PBXBuildFile; productRef = A22145C12996D7C80049B1E7 /* Kingfisher */; };
		A22145C52996D7EF0049B1E7 /* SDWebImageSwiftUI in Frameworks */ = {isa = PBXBuildFile; productRef = A22145C42996D7EF0049B1E7 /* SDWebImageSwiftUI */; };
		A22145C82996D9770049B1E7 /* CategoryDetailView.swift in Sources */ = {isa = PBXBuildFile; fileRef = A22145C72996D9770049B1E7 /* CategoryDetailView.swift */; };
		A22145CA2996D9BF0049B1E7 /* CategoryDetailViewModel.swift in Sources */ = {isa = PBXBuildFile; fileRef = A22145C92996D9BF0049B1E7 /* CategoryDetailViewModel.swift */; };
		A22145CC2996D9DA0049B1E7 /* ErrorView.swift in Sources */ = {isa = PBXBuildFile; fileRef = A22145CB2996D9DA0049B1E7 /* ErrorView.swift */; };
		A22145CE2996D9FD0049B1E7 /* ActivityIndicatorView.swift in Sources */ = {isa = PBXBuildFile; fileRef = A22145CD2996D9FD0049B1E7 /* ActivityIndicatorView.swift */; };
		A22145D02996DA480049B1E7 /* Place.swift in Sources */ = {isa = PBXBuildFile; fileRef = A22145CF2996DA480049B1E7 /* Place.swift */; };
		A22145D32996E4E40049B1E7 /* NavigationLazyView.swift in Sources */ = {isa = PBXBuildFile; fileRef = A22145D22996E4E40049B1E7 /* NavigationLazyView.swift */; };
		A28F8DDA29A945D3000BBA06 /* DestinationHeaderView.swift in Sources */ = {isa = PBXBuildFile; fileRef = A28F8DD929A945D3000BBA06 /* DestinationHeaderView.swift */; };
		A2AE1A9129676721009676A5 /* TravelDiscoveryApp.swift in Sources */ = {isa = PBXBuildFile; fileRef = A2AE1A9029676721009676A5 /* TravelDiscoveryApp.swift */; };
		A2AE1A9329676721009676A5 /* DiscoverView.swift in Sources */ = {isa = PBXBuildFile; fileRef = A2AE1A9229676721009676A5 /* DiscoverView.swift */; };
		A2AE1A9529676721009676A5 /* Assets.xcassets in Resources */ = {isa = PBXBuildFile; fileRef = A2AE1A9429676721009676A5 /* Assets.xcassets */; };
		A2AE1A9829676721009676A5 /* Preview Assets.xcassets in Resources */ = {isa = PBXBuildFile; fileRef = A2AE1A9729676721009676A5 /* Preview Assets.xcassets */; };
/* End PBXBuildFile section */

/* Begin PBXFileReference section */
		A22145AC2996BF0E0049B1E7 /* PopularDestinationsView.swift */ = {isa = PBXFileReference; lastKnownFileType = sourcecode.swift; path = PopularDestinationsView.swift; sourceTree = "<group>"; };
		A22145AE2996C06B0049B1E7 /* PopularRestaurants.swift */ = {isa = PBXFileReference; lastKnownFileType = sourcecode.swift; path = PopularRestaurants.swift; sourceTree = "<group>"; };
		A22145B02996C0FC0049B1E7 /* TrendingCreatorsView.swift */ = {isa = PBXFileReference; lastKnownFileType = sourcecode.swift; path = TrendingCreatorsView.swift; sourceTree = "<group>"; };
		A22145B22996C1550049B1E7 /* DiscoveryCategoriesView.swift */ = {isa = PBXFileReference; lastKnownFileType = sourcecode.swift; path = DiscoveryCategoriesView.swift; sourceTree = "<group>"; };
		A22145B52996C2150049B1E7 /* Category.swift */ = {isa = PBXFileReference; lastKnownFileType = sourcecode.swift; path = Category.swift; sourceTree = "<group>"; };
		A22145B72996C2360049B1E7 /* Destination.swift */ = {isa = PBXFileReference; lastKnownFileType = sourcecode.swift; path = Destination.swift; sourceTree = "<group>"; };
		A22145B92996C23C0049B1E7 /* Users.swift */ = {isa = PBXFileReference; lastKnownFileType = sourcecode.swift; path = Users.swift; sourceTree = "<group>"; };
		A22145BB2996C2630049B1E7 /* Restaurant.swift */ = {isa = PBXFileReference; lastKnownFileType = sourcecode.swift; path = Restaurant.swift; sourceTree = "<group>"; };
		A22145BE2996C4D60049B1E7 /* TileModifier.swift */ = {isa = PBXFileReference; lastKnownFileType = sourcecode.swift; path = TileModifier.swift; sourceTree = "<group>"; };
		A22145C72996D9770049B1E7 /* CategoryDetailView.swift */ = {isa = PBXFileReference; lastKnownFileType = sourcecode.swift; path = CategoryDetailView.swift; sourceTree = "<group>"; };
		A22145C92996D9BF0049B1E7 /* CategoryDetailViewModel.swift */ = {isa = PBXFileReference; lastKnownFileType = sourcecode.swift; path = CategoryDetailViewModel.swift; sourceTree = "<group>"; };
		A22145CB2996D9DA0049B1E7 /* ErrorView.swift */ = {isa = PBXFileReference; lastKnownFileType = sourcecode.swift; path = ErrorView.swift; sourceTree = "<group>"; };
		A22145CD2996D9FD0049B1E7 /* ActivityIndicatorView.swift */ = {isa = PBXFileReference; lastKnownFileType = sourcecode.swift; path = ActivityIndicatorView.swift; sourceTree = "<group>"; };
		A22145CF2996DA480049B1E7 /* Place.swift */ = {isa = PBXFileReference; lastKnownFileType = sourcecode.swift; path = Place.swift; sourceTree = "<group>"; };
		A22145D22996E4E40049B1E7 /* NavigationLazyView.swift */ = {isa = PBXFileReference; lastKnownFileType = sourcecode.swift; path = NavigationLazyView.swift; sourceTree = "<group>"; };
		A28F8DD929A945D3000BBA06 /* DestinationHeaderView.swift */ = {isa = PBXFileReference; lastKnownFileType = sourcecode.swift; path = DestinationHeaderView.swift; sourceTree = "<group>"; };
		A2AE1A8D29676721009676A5 /* TravelDiscovery.app */ = {isa = PBXFileReference; explicitFileType = wrapper.application; includeInIndex = 0; path = TravelDiscovery.app; sourceTree = BUILT_PRODUCTS_DIR; };
		A2AE1A9029676721009676A5 /* TravelDiscoveryApp.swift */ = {isa = PBXFileReference; lastKnownFileType = sourcecode.swift; path = TravelDiscoveryApp.swift; sourceTree = "<group>"; };
		A2AE1A9229676721009676A5 /* DiscoverView.swift */ = {isa = PBXFileReference; lastKnownFileType = sourcecode.swift; path = DiscoverView.swift; sourceTree = "<group>"; };
		A2AE1A9429676721009676A5 /* Assets.xcassets */ = {isa = PBXFileReference; lastKnownFileType = folder.assetcatalog; path = Assets.xcassets; sourceTree = "<group>"; };
		A2AE1A9729676721009676A5 /* Preview Assets.xcassets */ = {isa = PBXFileReference; lastKnownFileType = folder.assetcatalog; path = "Preview Assets.xcassets"; sourceTree = "<group>"; };
/* End PBXFileReference section */

/* Begin PBXFrameworksBuildPhase section */
		A2AE1A8A29676721009676A5 /* Frameworks */ = {
			isa = PBXFrameworksBuildPhase;
			buildActionMask = 2147483647;
			files = (
				A22145C52996D7EF0049B1E7 /* SDWebImageSwiftUI in Frameworks */,
				A22145C22996D7C80049B1E7 /* Kingfisher in Frameworks */,
			);
			runOnlyForDeploymentPostprocessing = 0;
		};
/* End PBXFrameworksBuildPhase section */

/* Begin PBXGroup section */
		A22145AB2996BDD30049B1E7 /* Discover */ = {
			isa = PBXGroup;
			children = (
				A28F8DD829A945BE000BBA06 /* DestinationHeaderView */,
				A22145C62996D9660049B1E7 /* Category */,
				A2AE1A9229676721009676A5 /* DiscoverView.swift */,
				A22145AC2996BF0E0049B1E7 /* PopularDestinationsView.swift */,
				A22145AE2996C06B0049B1E7 /* PopularRestaurants.swift */,
				A22145B02996C0FC0049B1E7 /* TrendingCreatorsView.swift */,
				A22145B22996C1550049B1E7 /* DiscoveryCategoriesView.swift */,
			);
			path = Discover;
			sourceTree = "<group>";
		};
		A22145B42996C1E50049B1E7 /* Models */ = {
			isa = PBXGroup;
			children = (
				A22145B52996C2150049B1E7 /* Category.swift */,
				A22145B72996C2360049B1E7 /* Destination.swift */,
				A22145B92996C23C0049B1E7 /* Users.swift */,
				A22145BB2996C2630049B1E7 /* Restaurant.swift */,
				A22145CF2996DA480049B1E7 /* Place.swift */,
			);
			path = Models;
			sourceTree = "<group>";
		};
		A22145BD2996C4C70049B1E7 /* Utility */ = {
			isa = PBXGroup;
			children = (
				A22145BE2996C4D60049B1E7 /* TileModifier.swift */,
				A22145CB2996D9DA0049B1E7 /* ErrorView.swift */,
				A22145CD2996D9FD0049B1E7 /* ActivityIndicatorView.swift */,
				A22145D22996E4E40049B1E7 /* NavigationLazyView.swift */,
			);
			path = Utility;
			sourceTree = "<group>";
		};
		A22145C62996D9660049B1E7 /* Category */ = {
			isa = PBXGroup;
			children = (
				A22145C72996D9770049B1E7 /* CategoryDetailView.swift */,
				A22145C92996D9BF0049B1E7 /* CategoryDetailViewModel.swift */,
			);
			path = Category;
			sourceTree = "<group>";
		};
		A28F8DD829A945BE000BBA06 /* DestinationHeaderView */ = {
			isa = PBXGroup;
			children = (
				A28F8DD929A945D3000BBA06 /* DestinationHeaderView.swift */,
			);
			path = DestinationHeaderView;
			sourceTree = "<group>";
		};
		A2AE1A8429676721009676A5 = {
			isa = PBXGroup;
			children = (
				A2AE1A8F29676721009676A5 /* TravelDiscovery */,
				A2AE1A8E29676721009676A5 /* Products */,
			);
			sourceTree = "<group>";
		};
		A2AE1A8E29676721009676A5 /* Products */ = {
			isa = PBXGroup;
			children = (
				A2AE1A8D29676721009676A5 /* TravelDiscovery.app */,
			);
			name = Products;
			sourceTree = "<group>";
		};
		A2AE1A8F29676721009676A5 /* TravelDiscovery */ = {
			isa = PBXGroup;
			children = (
				A22145BD2996C4C70049B1E7 /* Utility */,
				A22145B42996C1E50049B1E7 /* Models */,
				A22145AB2996BDD30049B1E7 /* Discover */,
				A2AE1A9029676721009676A5 /* TravelDiscoveryApp.swift */,
				A2AE1A9429676721009676A5 /* Assets.xcassets */,
				A2AE1A9629676721009676A5 /* Preview Content */,
			);
			path = TravelDiscovery;
			sourceTree = "<group>";
		};
		A2AE1A9629676721009676A5 /* Preview Content */ = {
			isa = PBXGroup;
			children = (
				A2AE1A9729676721009676A5 /* Preview Assets.xcassets */,
			);
			path = "Preview Content";
			sourceTree = "<group>";
		};
/* End PBXGroup section */

/* Begin PBXNativeTarget section */
		A2AE1A8C29676721009676A5 /* TravelDiscovery */ = {
			isa = PBXNativeTarget;
			buildConfigurationList = A2AE1A9B29676721009676A5 /* Build configuration list for PBXNativeTarget "TravelDiscovery" */;
			buildPhases = (
				A2AE1A8929676721009676A5 /* Sources */,
				A2AE1A8A29676721009676A5 /* Frameworks */,
				A2AE1A8B29676721009676A5 /* Resources */,
			);
			buildRules = (
			);
			dependencies = (
			);
			name = TravelDiscovery;
			packageProductDependencies = (
				A22145C12996D7C80049B1E7 /* Kingfisher */,
				A22145C42996D7EF0049B1E7 /* SDWebImageSwiftUI */,
			);
			productName = TravelDiscovery;
			productReference = A2AE1A8D29676721009676A5 /* TravelDiscovery.app */;
			productType = "com.apple.product-type.application";
		};
/* End PBXNativeTarget section */

/* Begin PBXProject section */
		A2AE1A8529676721009676A5 /* Project object */ = {
			isa = PBXProject;
			attributes = {
				BuildIndependentTargetsInParallel = 1;
				LastSwiftUpdateCheck = 1400;
				LastUpgradeCheck = 1400;
				TargetAttributes = {
					A2AE1A8C29676721009676A5 = {
						CreatedOnToolsVersion = 14.0.1;
					};
				};
			};
			buildConfigurationList = A2AE1A8829676721009676A5 /* Build configuration list for PBXProject "TravelDiscovery" */;
			compatibilityVersion = "Xcode 14.0";
			developmentRegion = en;
			hasScannedForEncodings = 0;
			knownRegions = (
				en,
				Base,
			);
			mainGroup = A2AE1A8429676721009676A5;
			packageReferences = (
				A22145C02996D7C80049B1E7 /* XCRemoteSwiftPackageReference "Kingfisher" */,
				A22145C32996D7EF0049B1E7 /* XCRemoteSwiftPackageReference "SDWebImageSwiftUI" */,
			);
			productRefGroup = A2AE1A8E29676721009676A5 /* Products */;
			projectDirPath = "";
			projectRoot = "";
			targets = (
				A2AE1A8C29676721009676A5 /* TravelDiscovery */,
			);
		};
/* End PBXProject section */

/* Begin PBXResourcesBuildPhase section */
		A2AE1A8B29676721009676A5 /* Resources */ = {
			isa = PBXResourcesBuildPhase;
			buildActionMask = 2147483647;
			files = (
				A2AE1A9829676721009676A5 /* Preview Assets.xcassets in Resources */,
				A2AE1A9529676721009676A5 /* Assets.xcassets in Resources */,
			);
			runOnlyForDeploymentPostprocessing = 0;
		};
/* End PBXResourcesBuildPhase section */

/* Begin PBXSourcesBuildPhase section */
		A2AE1A8929676721009676A5 /* Sources */ = {
			isa = PBXSourcesBuildPhase;
			buildActionMask = 2147483647;
			files = (
				A22145CA2996D9BF0049B1E7 /* CategoryDetailViewModel.swift in Sources */,
				A22145BC2996C2630049B1E7 /* Restaurant.swift in Sources */,
				A22145D32996E4E40049B1E7 /* NavigationLazyView.swift in Sources */,
				A22145BF2996C4D60049B1E7 /* TileModifier.swift in Sources */,
				A22145B12996C0FC0049B1E7 /* TrendingCreatorsView.swift in Sources */,
				A22145BA2996C23C0049B1E7 /* Users.swift in Sources */,
				A22145AD2996BF0E0049B1E7 /* PopularDestinationsView.swift in Sources */,
				A22145CE2996D9FD0049B1E7 /* ActivityIndicatorView.swift in Sources */,
				A2AE1A9329676721009676A5 /* DiscoverView.swift in Sources */,
				A22145B32996C1550049B1E7 /* DiscoveryCategoriesView.swift in Sources */,
				A22145AF2996C06B0049B1E7 /* PopularRestaurants.swift in Sources */,
				A2AE1A9129676721009676A5 /* TravelDiscoveryApp.swift in Sources */,
				A22145D02996DA480049B1E7 /* Place.swift in Sources */,
				A22145B82996C2360049B1E7 /* Destination.swift in Sources */,
				A22145CC2996D9DA0049B1E7 /* ErrorView.swift in Sources */,
				A22145B62996C2150049B1E7 /* Category.swift in Sources */,
				A28F8DDA29A945D3000BBA06 /* DestinationHeaderView.swift in Sources */,
				A22145C82996D9770049B1E7 /* CategoryDetailView.swift in Sources */,
			);
			runOnlyForDeploymentPostprocessing = 0;
		};
/* End PBXSourcesBuildPhase section */

/* Begin XCBuildConfiguration section */
		A2AE1A9929676721009676A5 /* Debug */ = {
			isa = XCBuildConfiguration;
			buildSettings = {
				ALWAYS_SEARCH_USER_PATHS = NO;
				CLANG_ANALYZER_NONNULL = YES;
				CLANG_ANALYZER_NUMBER_OBJECT_CONVERSION = YES_AGGRESSIVE;
				CLANG_CXX_LANGUAGE_STANDARD = "gnu++20";
				CLANG_ENABLE_MODULES = YES;
				CLANG_ENABLE_OBJC_ARC = YES;
				CLANG_ENABLE_OBJC_WEAK = YES;
				CLANG_WARN_BLOCK_CAPTURE_AUTORELEASING = YES;
				CLANG_WARN_BOOL_CONVERSION = YES;
				CLANG_WARN_COMMA = YES;
				CLANG_WARN_CONSTANT_CONVERSION = YES;
				CLANG_WARN_DEPRECATED_OBJC_IMPLEMENTATIONS = YES;
				CLANG_WARN_DIRECT_OBJC_ISA_USAGE = YES_ERROR;
				CLANG_WARN_DOCUMENTATION_COMMENTS = YES;
				CLANG_WARN_EMPTY_BODY = YES;
				CLANG_WARN_ENUM_CONVERSION = YES;
				CLANG_WARN_INFINITE_RECURSION = YES;
				CLANG_WARN_INT_CONVERSION = YES;
				CLANG_WARN_NON_LITERAL_NULL_CONVERSION = YES;
				CLANG_WARN_OBJC_IMPLICIT_RETAIN_SELF = YES;
				CLANG_WARN_OBJC_LITERAL_CONVERSION = YES;
				CLANG_WARN_OBJC_ROOT_CLASS = YES_ERROR;
				CLANG_WARN_QUOTED_INCLUDE_IN_FRAMEWORK_HEADER = YES;
				CLANG_WARN_RANGE_LOOP_ANALYSIS = YES;
				CLANG_WARN_STRICT_PROTOTYPES = YES;
				CLANG_WARN_SUSPICIOUS_MOVE = YES;
				CLANG_WARN_UNGUARDED_AVAILABILITY = YES_AGGRESSIVE;
				CLANG_WARN_UNREACHABLE_CODE = YES;
				CLANG_WARN__DUPLICATE_METHOD_MATCH = YES;
				COPY_PHASE_STRIP = NO;
				DEBUG_INFORMATION_FORMAT = dwarf;
				ENABLE_STRICT_OBJC_MSGSEND = YES;
				ENABLE_TESTABILITY = YES;
				GCC_C_LANGUAGE_STANDARD = gnu11;
				GCC_DYNAMIC_NO_PIC = NO;
				GCC_NO_COMMON_BLOCKS = YES;
				GCC_OPTIMIZATION_LEVEL = 0;
				GCC_PREPROCESSOR_DEFINITIONS = (
					"DEBUG=1",
					"$(inherited)",
				);
				GCC_WARN_64_TO_32_BIT_CONVERSION = YES;
				GCC_WARN_ABOUT_RETURN_TYPE = YES_ERROR;
				GCC_WARN_UNDECLARED_SELECTOR = YES;
				GCC_WARN_UNINITIALIZED_AUTOS = YES_AGGRESSIVE;
				GCC_WARN_UNUSED_FUNCTION = YES;
				GCC_WARN_UNUSED_VARIABLE = YES;
				IPHONEOS_DEPLOYMENT_TARGET = 16.0;
				MTL_ENABLE_DEBUG_INFO = INCLUDE_SOURCE;
				MTL_FAST_MATH = YES;
				ONLY_ACTIVE_ARCH = YES;
				SDKROOT = iphoneos;
				SWIFT_ACTIVE_COMPILATION_CONDITIONS = DEBUG;
				SWIFT_OPTIMIZATION_LEVEL = "-Onone";
			};
			name = Debug;
		};
		A2AE1A9A29676721009676A5 /* Release */ = {
			isa = XCBuildConfiguration;
			buildSettings = {
				ALWAYS_SEARCH_USER_PATHS = NO;
				CLANG_ANALYZER_NONNULL = YES;
				CLANG_ANALYZER_NUMBER_OBJECT_CONVERSION = YES_AGGRESSIVE;
				CLANG_CXX_LANGUAGE_STANDARD = "gnu++20";
				CLANG_ENABLE_MODULES = YES;
				CLANG_ENABLE_OBJC_ARC = YES;
				CLANG_ENABLE_OBJC_WEAK = YES;
				CLANG_WARN_BLOCK_CAPTURE_AUTORELEASING = YES;
				CLANG_WARN_BOOL_CONVERSION = YES;
				CLANG_WARN_COMMA = YES;
				CLANG_WARN_CONSTANT_CONVERSION = YES;
				CLANG_WARN_DEPRECATED_OBJC_IMPLEMENTATIONS = YES;
				CLANG_WARN_DIRECT_OBJC_ISA_USAGE = YES_ERROR;
				CLANG_WARN_DOCUMENTATION_COMMENTS = YES;
				CLANG_WARN_EMPTY_BODY = YES;
				CLANG_WARN_ENUM_CONVERSION = YES;
				CLANG_WARN_INFINITE_RECURSION = YES;
				CLANG_WARN_INT_CONVERSION = YES;
				CLANG_WARN_NON_LITERAL_NULL_CONVERSION = YES;
				CLANG_WARN_OBJC_IMPLICIT_RETAIN_SELF = YES;
				CLANG_WARN_OBJC_LITERAL_CONVERSION = YES;
				CLANG_WARN_OBJC_ROOT_CLASS = YES_ERROR;
				CLANG_WARN_QUOTED_INCLUDE_IN_FRAMEWORK_HEADER = YES;
				CLANG_WARN_RANGE_LOOP_ANALYSIS = YES;
				CLANG_WARN_STRICT_PROTOTYPES = YES;
				CLANG_WARN_SUSPICIOUS_MOVE = YES;
				CLANG_WARN_UNGUARDED_AVAILABILITY = YES_AGGRESSIVE;
				CLANG_WARN_UNREACHABLE_CODE = YES;
				CLANG_WARN__DUPLICATE_METHOD_MATCH = YES;
				COPY_PHASE_STRIP = NO;
				DEBUG_INFORMATION_FORMAT = "dwarf-with-dsym";
				ENABLE_NS_ASSERTIONS = NO;
				ENABLE_STRICT_OBJC_MSGSEND = YES;
				GCC_C_LANGUAGE_STANDARD = gnu11;
				GCC_NO_COMMON_BLOCKS = YES;
				GCC_WARN_64_TO_32_BIT_CONVERSION = YES;
				GCC_WARN_ABOUT_RETURN_TYPE = YES_ERROR;
				GCC_WARN_UNDECLARED_SELECTOR = YES;
				GCC_WARN_UNINITIALIZED_AUTOS = YES_AGGRESSIVE;
				GCC_WARN_UNUSED_FUNCTION = YES;
				GCC_WARN_UNUSED_VARIABLE = YES;
				IPHONEOS_DEPLOYMENT_TARGET = 16.0;
				MTL_ENABLE_DEBUG_INFO = NO;
				MTL_FAST_MATH = YES;
				SDKROOT = iphoneos;
				SWIFT_COMPILATION_MODE = wholemodule;
				SWIFT_OPTIMIZATION_LEVEL = "-O";
				VALIDATE_PRODUCT = YES;
			};
			name = Release;
		};
		A2AE1A9C29676721009676A5 /* Debug */ = {
			isa = XCBuildConfiguration;
			buildSettings = {
				ASSETCATALOG_COMPILER_APPICON_NAME = AppIcon;
				ASSETCATALOG_COMPILER_GLOBAL_ACCENT_COLOR_NAME = AccentColor;
				CODE_SIGN_STYLE = Automatic;
				CURRENT_PROJECT_VERSION = 1;
				DEVELOPMENT_ASSET_PATHS = "\"TravelDiscovery/Preview Content\"";
				ENABLE_PREVIEWS = YES;
				GENERATE_INFOPLIST_FILE = YES;
				INFOPLIST_KEY_UIApplicationSceneManifest_Generation = YES;
				INFOPLIST_KEY_UIApplicationSupportsIndirectInputEvents = YES;
				INFOPLIST_KEY_UILaunchScreen_Generation = YES;
				INFOPLIST_KEY_UISupportedInterfaceOrientations_iPad = "UIInterfaceOrientationPortrait UIInterfaceOrientationPortraitUpsideDown UIInterfaceOrientationLandscapeLeft UIInterfaceOrientationLandscapeRight";
				INFOPLIST_KEY_UISupportedInterfaceOrientations_iPhone = "UIInterfaceOrientationPortrait UIInterfaceOrientationLandscapeLeft UIInterfaceOrientationLandscapeRight";
				LD_RUNPATH_SEARCH_PATHS = (
					"$(inherited)",
					"@executable_path/Frameworks",
				);
				MARKETING_VERSION = 1.0;
				PRODUCT_BUNDLE_IDENTIFIER = c.TravelDiscovery;
				PRODUCT_NAME = "$(TARGET_NAME)";
				SWIFT_EMIT_LOC_STRINGS = YES;
				SWIFT_VERSION = 5.0;
				TARGETED_DEVICE_FAMILY = "1,2";
			};
			name = Debug;
		};
		A2AE1A9D29676721009676A5 /* Release */ = {
			isa = XCBuildConfiguration;
			buildSettings = {
				ASSETCATALOG_COMPILER_APPICON_NAME = AppIcon;
				ASSETCATALOG_COMPILER_GLOBAL_ACCENT_COLOR_NAME = AccentColor;
				CODE_SIGN_STYLE = Automatic;
				CURRENT_PROJECT_VERSION = 1;
				DEVELOPMENT_ASSET_PATHS = "\"TravelDiscovery/Preview Content\"";
				ENABLE_PREVIEWS = YES;
				GENERATE_INFOPLIST_FILE = YES;
				INFOPLIST_KEY_UIApplicationSceneManifest_Generation = YES;
				INFOPLIST_KEY_UIApplicationSupportsIndirectInputEvents = YES;
				INFOPLIST_KEY_UILaunchScreen_Generation = YES;
				INFOPLIST_KEY_UISupportedInterfaceOrientations_iPad = "UIInterfaceOrientationPortrait UIInterfaceOrientationPortraitUpsideDown UIInterfaceOrientationLandscapeLeft UIInterfaceOrientationLandscapeRight";
				INFOPLIST_KEY_UISupportedInterfaceOrientations_iPhone = "UIInterfaceOrientationPortrait UIInterfaceOrientationLandscapeLeft UIInterfaceOrientationLandscapeRight";
				LD_RUNPATH_SEARCH_PATHS = (
					"$(inherited)",
					"@executable_path/Frameworks",
				);
				MARKETING_VERSION = 1.0;
				PRODUCT_BUNDLE_IDENTIFIER = c.TravelDiscovery;
				PRODUCT_NAME = "$(TARGET_NAME)";
				SWIFT_EMIT_LOC_STRINGS = YES;
				SWIFT_VERSION = 5.0;
				TARGETED_DEVICE_FAMILY = "1,2";
			};
			name = Release;
		};
/* End XCBuildConfiguration section */

/* Begin XCConfigurationList section */
		A2AE1A8829676721009676A5 /* Build configuration list for PBXProject "TravelDiscovery" */ = {
			isa = XCConfigurationList;
			buildConfigurations = (
				A2AE1A9929676721009676A5 /* Debug */,
				A2AE1A9A29676721009676A5 /* Release */,
			);
			defaultConfigurationIsVisible = 0;
			defaultConfigurationName = Release;
		};
		A2AE1A9B29676721009676A5 /* Build configuration list for PBXNativeTarget "TravelDiscovery" */ = {
			isa = XCConfigurationList;
			buildConfigurations = (
				A2AE1A9C29676721009676A5 /* Debug */,
				A2AE1A9D29676721009676A5 /* Release */,
			);
			defaultConfigurationIsVisible = 0;
			defaultConfigurationName = Release;
		};
/* End XCConfigurationList section */

/* Begin XCRemoteSwiftPackageReference section */
		A22145C02996D7C80049B1E7 /* XCRemoteSwiftPackageReference "Kingfisher" */ = {
			isa = XCRemoteSwiftPackageReference;
			repositoryURL = "https://github.com/onevcat/Kingfisher";
			requirement = {
				kind = upToNextMajorVersion;
				minimumVersion = 7.0.0;
			};
		};
		A22145C32996D7EF0049B1E7 /* XCRemoteSwiftPackageReference "SDWebImageSwiftUI" */ = {
			isa = XCRemoteSwiftPackageReference;
			repositoryURL = "https://github.com/SDWebImage/SDWebImageSwiftUI";
			requirement = {
				kind = upToNextMajorVersion;
				minimumVersion = 2.0.0;
			};
		};
/* End XCRemoteSwiftPackageReference section */

/* Begin XCSwiftPackageProductDependency section */
		A22145C12996D7C80049B1E7 /* Kingfisher */ = {
			isa = XCSwiftPackageProductDependency;
			package = A22145C02996D7C80049B1E7 /* XCRemoteSwiftPackageReference "Kingfisher" */;
			productName = Kingfisher;
		};
		A22145C42996D7EF0049B1E7 /* SDWebImageSwiftUI */ = {
			isa = XCSwiftPackageProductDependency;
			package = A22145C32996D7EF0049B1E7 /* XCRemoteSwiftPackageReference "SDWebImageSwiftUI" */;
			productName = SDWebImageSwiftUI;
		};
/* End XCSwiftPackageProductDependency section */
	};
	rootObject = A2AE1A8529676721009676A5 /* Project object */;
}
